
Microsoft Visual Studio Solution File, Format Version 12.00
# Visual Studio Version 17
VisualStudioVersion = 17.3.32922.545
MinimumVisualStudioVersion = 10.0.40219.1
Project("{FAE04EC0-301F-11D3-BF4B-00C04F79EFBC}") = "BTH3", "BTH3\BTH3.csproj", "{55FFF6A3-D489-4186-9FFB-7C6B2DC26EB9}"
EndProject
Global
	GlobalSection(SolutionConfigurationPlatforms) = preSolution
		Debug|Any CPU = Debug|Any CPU
		Release|Any CPU = Release|Any CPU
	EndGlobalSection
	GlobalSection(ProjectConfigurationPlatforms) = postSolution
		{55FFF6A3-D489-4186-9FFB-7C6B2DC26EB9}.Debug|Any CPU.ActiveCfg = Debug|Any CPU
		{55FFF6A3-D489-4186-9FFB-7C6B2DC26EB9}.Debug|Any CPU.Build.0 = Debug|Any CPU
		{55FFF6A3-D489-4186-9FFB-7C6B2DC26EB9}.Release|Any CPU.ActiveCfg = Release|Any CPU
		{55FFF6A3-D489-4186-9FFB-7C6B2DC26EB9}.Release|Any CPU.Build.0 = Release|Any CPU
	EndGlobalSection
	GlobalSection(SolutionProperties) = preSolution
		HideSolutionNode = FALSE
	EndGlobalSection
	GlobalSection(ExtensibilityGlobals) = postSolution
		SolutionGuid = {4B2C0B89-4184-406F-AEBB-BF52262BA63E}
	EndGlobalSection
EndGlobal
